
Microsoft Visual Studio Solution File, Format Version 10.00
# Visual C++ Express 2008
Project("{8BC9CEB8-8B4A-11D0-8D11-00A0C91BC942}") = "wlinear", "wlinear\wlinear.vcproj", "{B706AC7C-F642-451E-87F0-D080A1B8E330}"
EndProject
Global
	GlobalSection(SolutionConfigurationPlatforms) = preSolution
		Debug|Win32 = Debug|Win32
		Release|Win32 = Release|Win32
	EndGlobalSection
	GlobalSection(ProjectConfigurationPlatforms) = postSolution
		{B706AC7C-F642-451E-87F0-D080A1B8E330}.Debug|Win32.ActiveCfg = Debug|Win32
		{B706AC7C-F642-451E-87F0-D080A1B8E330}.Debug|Win32.Build.0 = Debug|Win32
		{B706AC7C-F642-451E-87F0-D080A1B8E330}.Release|Win32.ActiveCfg = Release|Win32
		{B706AC7C-F642-451E-87F0-D080A1B8E330}.Release|Win32.Build.0 = Release|Win32
	EndGlobalSection
	GlobalSection(SolutionProperties) = preSolution
		HideSolutionNode = FALSE
	EndGlobalSection
EndGlobal
